
Microsoft Visual Studio Solution File, Format Version 12.00
# Visual Studio Version 17
VisualStudioVersion = 17.6.33801.468
MinimumVisualStudioVersion = 10.0.40219.1
Project("{2150E333-8FDC-42A3-9474-1A3956D46DE8}") = "FrontEnd", "FrontEnd", "{9DDF6D91-B072-40FD-A512-760C840F9A91}"
EndProject
Project("{2150E333-8FDC-42A3-9474-1A3956D46DE8}") = "Gateway", "Gateway", "{0219984C-E299-4A64-A181-64C96A12F533}"
EndProject
Project("{2150E333-8FDC-42A3-9474-1A3956D46DE8}") = "Integration", "Integration", "{93F06992-EF52-4E20-8A71-809DF1EC759E}"
EndProject
Project("{2150E333-8FDC-42A3-9474-1A3956D46DE8}") = "Services", "Services", "{E24ECA1A-7F18-4BD8-BBA5-134FB6A5DC34}"
EndProject
Project("{FAE04EC0-301F-11D3-BF4B-00C04F79EFBC}") = "Microservices.Services.CouponAPI", "Microservices.Services.CouponAPI\Microservices.Services.CouponAPI.csproj", "{90646C00-1C7C-42FA-B913-56AA80EE12DD}"
EndProject
Global
	GlobalSection(SolutionConfigurationPlatforms) = preSolution
		Debug|Any CPU = Debug|Any CPU
		Release|Any CPU = Release|Any CPU
	EndGlobalSection
	GlobalSection(ProjectConfigurationPlatforms) = postSolution
		{90646C00-1C7C-42FA-B913-56AA80EE12DD}.Debug|Any CPU.ActiveCfg = Debug|Any CPU
		{90646C00-1C7C-42FA-B913-56AA80EE12DD}.Debug|Any CPU.Build.0 = Debug|Any CPU
		{90646C00-1C7C-42FA-B913-56AA80EE12DD}.Release|Any CPU.ActiveCfg = Release|Any CPU
		{90646C00-1C7C-42FA-B913-56AA80EE12DD}.Release|Any CPU.Build.0 = Release|Any CPU
	EndGlobalSection
	GlobalSection(SolutionProperties) = preSolution
		HideSolutionNode = FALSE
	EndGlobalSection
	GlobalSection(NestedProjects) = preSolution
		{90646C00-1C7C-42FA-B913-56AA80EE12DD} = {E24ECA1A-7F18-4BD8-BBA5-134FB6A5DC34}
	EndGlobalSection
	GlobalSection(ExtensibilityGlobals) = postSolution
		SolutionGuid = {CFD2E84E-47E4-4CF8-A59B-6C4E4FAC832B}
	EndGlobalSection
EndGlobal
